
Microsoft Visual Studio Solution File, Format Version 12.00
# Visual Studio 2013
VisualStudioVersion = 12.0.31101.0
MinimumVisualStudioVersion = 10.0.40219.1
Project("{FAE04EC0-301F-11D3-BF4B-00C04F79EFBC}") = "AsyncWebAPISample", "AsyncWebAPISample\AsyncWebAPISample.csproj", "{C18A9CC0-2016-4A2A-AE16-502EA646D372}"
EndProject
Project("{2150E333-8FDC-42A3-9474-1A3956D46DE8}") = ".nuget", ".nuget", "{ADB25079-864B-41A7-AAFA-352137BA6707}"
	ProjectSection(SolutionItems) = preProject
		.nuget\NuGet.Config = .nuget\NuGet.Config
		.nuget\NuGet.exe = .nuget\NuGet.exe
		.nuget\NuGet.targets = .nuget\NuGet.targets
	EndProjectSection
EndProject
Project("{FAE04EC0-301F-11D3-BF4B-00C04F79EFBC}") = "AsyncWebAPISample.Tests", "AsyncWebAPISample.Tests\AsyncWebAPISample.Tests.csproj", "{71B1913E-5712-4B1E-9D75-7BDED4549551}"
EndProject
Project("{FAE04EC0-301F-11D3-BF4B-00C04F79EFBC}") = "AsyncWebAPISample.Entities", "AsyncWebAPISample.Entities\AsyncWebAPISample.Entities.csproj", "{AEE4EBD6-2BFC-4493-BCD8-34C653052CAF}"
EndProject
Project("{FAE04EC0-301F-11D3-BF4B-00C04F79EFBC}") = "AsyncWebAPISample.Data", "AsyncWebAPISample.Data\AsyncWebAPISample.Data.csproj", "{C75106B9-577F-4C88-A80C-78BCEB7542B1}"
EndProject
Project("{FAE04EC0-301F-11D3-BF4B-00C04F79EFBC}") = "AsyncWebAPISample.Data.EntityFramework", "AsyncWebAPI.Data.EntityFramework\AsyncWebAPISample.Data.EntityFramework.csproj", "{D85B5810-9B10-4586-B835-24834EDD1F6C}"
EndProject
Project("{FAE04EC0-301F-11D3-BF4B-00C04F79EFBC}") = "AsyncWebAPI.Factory", "AsyncWebAPI.Factory\AsyncWebAPI.Factory.csproj", "{DBE63F39-4A23-42AB-A277-E9A4A0D7979E}"
EndProject
Project("{FAE04EC0-301F-11D3-BF4B-00C04F79EFBC}") = "AsyncWebAPI.Factory.Tests", "AsyncWebAPI.Factory.Tests\AsyncWebAPI.Factory.Tests.csproj", "{9F247B97-9BA6-419E-ADAA-2F5A69316A90}"
EndProject
Project("{FAE04EC0-301F-11D3-BF4B-00C04F79EFBC}") = "AsyncWebAPISample.Data.EntityFramework.Tests", "AsyncWebAPISample.Data.EntityFramework.Tests\AsyncWebAPISample.Data.EntityFramework.Tests.csproj", "{E60DE846-A5A2-436D-B84D-CBB2E86EF2CD}"
EndProject
Global
	GlobalSection(SolutionConfigurationPlatforms) = preSolution
		Debug|Any CPU = Debug|Any CPU
		Release|Any CPU = Release|Any CPU
	EndGlobalSection
	GlobalSection(ProjectConfigurationPlatforms) = postSolution
		{C18A9CC0-2016-4A2A-AE16-502EA646D372}.Debug|Any CPU.ActiveCfg = Debug|Any CPU
		{C18A9CC0-2016-4A2A-AE16-502EA646D372}.Debug|Any CPU.Build.0 = Debug|Any CPU
		{C18A9CC0-2016-4A2A-AE16-502EA646D372}.Release|Any CPU.ActiveCfg = Release|Any CPU
		{C18A9CC0-2016-4A2A-AE16-502EA646D372}.Release|Any CPU.Build.0 = Release|Any CPU
		{71B1913E-5712-4B1E-9D75-7BDED4549551}.Debug|Any CPU.ActiveCfg = Debug|Any CPU
		{71B1913E-5712-4B1E-9D75-7BDED4549551}.Debug|Any CPU.Build.0 = Debug|Any CPU
		{71B1913E-5712-4B1E-9D75-7BDED4549551}.Release|Any CPU.ActiveCfg = Release|Any CPU
		{71B1913E-5712-4B1E-9D75-7BDED4549551}.Release|Any CPU.Build.0 = Release|Any CPU
		{AEE4EBD6-2BFC-4493-BCD8-34C653052CAF}.Debug|Any CPU.ActiveCfg = Debug|Any CPU
		{AEE4EBD6-2BFC-4493-BCD8-34C653052CAF}.Debug|Any CPU.Build.0 = Debug|Any CPU
		{AEE4EBD6-2BFC-4493-BCD8-34C653052CAF}.Release|Any CPU.ActiveCfg = Release|Any CPU
		{AEE4EBD6-2BFC-4493-BCD8-34C653052CAF}.Release|Any CPU.Build.0 = Release|Any CPU
		{C75106B9-577F-4C88-A80C-78BCEB7542B1}.Debug|Any CPU.ActiveCfg = Debug|Any CPU
		{C75106B9-577F-4C88-A80C-78BCEB7542B1}.Debug|Any CPU.Build.0 = Debug|Any CPU
		{C75106B9-577F-4C88-A80C-78BCEB7542B1}.Release|Any CPU.ActiveCfg = Release|Any CPU
		{C75106B9-577F-4C88-A80C-78BCEB7542B1}.Release|Any CPU.Build.0 = Release|Any CPU
		{D85B5810-9B10-4586-B835-24834EDD1F6C}.Debug|Any CPU.ActiveCfg = Debug|Any CPU
		{D85B5810-9B10-4586-B835-24834EDD1F6C}.Debug|Any CPU.Build.0 = Debug|Any CPU
		{D85B5810-9B10-4586-B835-24834EDD1F6C}.Release|Any CPU.ActiveCfg = Release|Any CPU
		{D85B5810-9B10-4586-B835-24834EDD1F6C}.Release|Any CPU.Build.0 = Release|Any CPU
		{DBE63F39-4A23-42AB-A277-E9A4A0D7979E}.Debug|Any CPU.ActiveCfg = Debug|Any CPU
		{DBE63F39-4A23-42AB-A277-E9A4A0D7979E}.Debug|Any CPU.Build.0 = Debug|Any CPU
		{DBE63F39-4A23-42AB-A277-E9A4A0D7979E}.Release|Any CPU.ActiveCfg = Release|Any CPU
		{DBE63F39-4A23-42AB-A277-E9A4A0D7979E}.Release|Any CPU.Build.0 = Release|Any CPU
		{9F247B97-9BA6-419E-ADAA-2F5A69316A90}.Debug|Any CPU.ActiveCfg = Debug|Any CPU
		{9F247B97-9BA6-419E-ADAA-2F5A69316A90}.Debug|Any CPU.Build.0 = Debug|Any CPU
		{9F247B97-9BA6-419E-ADAA-2F5A69316A90}.Release|Any CPU.ActiveCfg = Release|Any CPU
		{9F247B97-9BA6-419E-ADAA-2F5A69316A90}.Release|Any CPU.Build.0 = Release|Any CPU
		{E60DE846-A5A2-436D-B84D-CBB2E86EF2CD}.Debug|Any CPU.ActiveCfg = Debug|Any CPU
		{E60DE846-A5A2-436D-B84D-CBB2E86EF2CD}.Debug|Any CPU.Build.0 = Debug|Any CPU
		{E60DE846-A5A2-436D-B84D-CBB2E86EF2CD}.Release|Any CPU.ActiveCfg = Release|Any CPU
		{E60DE846-A5A2-436D-B84D-CBB2E86EF2CD}.Release|Any CPU.Build.0 = Release|Any CPU
	EndGlobalSection
	GlobalSection(SolutionProperties) = preSolution
		HideSolutionNode = FALSE
	EndGlobalSection
EndGlobal
